// !$*UTF8*$!
{
	archiveVersion = 1;
	classes = {
	};
	objectVersion = 46;
	objects = {

/* Begin PBXGroup section */
		231BE4091ACFC1E200B65A58 = {
			isa = PBXGroup;
			children = (
			);
			sourceTree = "<group>";
		};
/* End PBXGroup section */

/* Begin PBXProject section */
		231BE40A1ACFC1E200B65A58 /* Project object */ = {
			isa = PBXProject;
			attributes = {
				LastUpgradeCheck = 0610;
			};
			buildConfigurationList = 231BE40D1ACFC1E200B65A58 /* Build configuration list for PBXProject "MFSDKBase" */;
			compatibilityVersion = "Xcode 3.2";
			developmentRegion = English;
			hasScannedForEncodings = 0;
			knownRegions = (
				en,
			);
			mainGroup = 231BE4091ACFC1E200B65A58;
			projectDirPath = "";
			projectRoot = "";
			targets = (
			);
		};
/* End PBXProject section */

/* Begin XCBuildConfiguration section */
		231BE40E1ACFC1E200B65A58 /* Debug */ = {
			isa = XCBuildConfiguration;
			buildSettings = {
			};
			name = Debug;
		};
		231BE40F1ACFC1E200B65A58 /* Release */ = {
			isa = XCBuildConfiguration;
			buildSettings = {
			};
			name = Release;
		};
/* End XCBuildConfiguration section */

/* Begin XCConfigurationList section */
		231BE40D1ACFC1E200B65A58 /* Build configuration list for PBXProject "MFSDKBase" */ = {
			isa = XCConfigurationList;
			buildConfigurations = (
				231BE40E1ACFC1E200B65A58 /* Debug */,
				231BE40F1ACFC1E200B65A58 /* Release */,
			);
			defaultConfigurationIsVisible = 0;
			defaultConfigurationName = Release;
		};
/* End XCConfigurationList section */
	};
	rootObject = 231BE40A1ACFC1E200B65A58 /* Project object */;
}
